
Microsoft Visual Studio Solution File, Format Version 12.00
# Visual Studio Version 17
VisualStudioVersion = 17.8.34330.188
MinimumVisualStudioVersion = 10.0.40219.1
Project("{FAE04EC0-301F-11D3-BF4B-00C04F79EFBC}") = "Implementation_Pagination_and_Filtering", "Implementation_Pagination_and_Filtering.csproj", "{9C578B6D-F2EF-450A-9E9A-ACD3D7E85A53}"
EndProject
Global
	GlobalSection(SolutionConfigurationPlatforms) = preSolution
		Debug|Any CPU = Debug|Any CPU
		Release|Any CPU = Release|Any CPU
	EndGlobalSection
	GlobalSection(ProjectConfigurationPlatforms) = postSolution
		{9C578B6D-F2EF-450A-9E9A-ACD3D7E85A53}.Debug|Any CPU.ActiveCfg = Debug|Any CPU
		{9C578B6D-F2EF-450A-9E9A-ACD3D7E85A53}.Debug|Any CPU.Build.0 = Debug|Any CPU
		{9C578B6D-F2EF-450A-9E9A-ACD3D7E85A53}.Release|Any CPU.ActiveCfg = Release|Any CPU
		{9C578B6D-F2EF-450A-9E9A-ACD3D7E85A53}.Release|Any CPU.Build.0 = Release|Any CPU
	EndGlobalSection
	GlobalSection(SolutionProperties) = preSolution
		HideSolutionNode = FALSE
	EndGlobalSection
	GlobalSection(ExtensibilityGlobals) = postSolution
		SolutionGuid = {21B6B1BA-F5CC-4DAA-9161-871049268D72}
	EndGlobalSection
EndGlobal
